// !$*UTF8*$!
{
	archiveVersion = 1;
	classes = {
	};
	objectVersion = 50;
	objects = {

/* Begin PBXBuildFile section */
		4AC4A23825E8D8B90094BDEE /* AppDelegate.swift in Sources */ = {isa = PBXBuildFile; fileRef = 4AC4A23725E8D8B90094BDEE /* AppDelegate.swift */; };
		4AC4A23A25E8D8B90094BDEE /* SceneDelegate.swift in Sources */ = {isa = PBXBuildFile; fileRef = 4AC4A23925E8D8B90094BDEE /* SceneDelegate.swift */; };
		4AC4A23C25E8D8B90094BDEE /* ViewController.swift in Sources */ = {isa = PBXBuildFile; fileRef = 4AC4A23B25E8D8B90094BDEE /* ViewController.swift */; };
		4AC4A23F25E8D8B90094BDEE /* Main.storyboard in Resources */ = {isa = PBXBuildFile; fileRef = 4AC4A23D25E8D8B90094BDEE /* Main.storyboard */; };
		4AC4A24125E8D8C00094BDEE /* Assets.xcassets in Resources */ = {isa = PBXBuildFile; fileRef = 4AC4A24025E8D8C00094BDEE /* Assets.xcassets */; };
		4AC4A24425E8D8C00094BDEE /* LaunchScreen.storyboard in Resources */ = {isa = PBXBuildFile; fileRef = 4AC4A24225E8D8C00094BDEE /* LaunchScreen.storyboard */; };
/* End PBXBuildFile section */

/* Begin PBXFileReference section */
		4AC4A23425E8D8B90094BDEE /* hallo world.app */ = {isa = PBXFileReference; explicitFileType = wrapper.application; includeInIndex = 0; path = "hallo world.app"; sourceTree = BUILT_PRODUCTS_DIR; };
		4AC4A23725E8D8B90094BDEE /* AppDelegate.swift */ = {isa = PBXFileReference; lastKnownFileType = sourcecode.swift; path = AppDelegate.swift; sourceTree = "<group>"; };
		4AC4A23925E8D8B90094BDEE /* SceneDelegate.swift */ = {isa = PBXFileReference; lastKnownFileType = sourcecode.swift; path = SceneDelegate.swift; sourceTree = "<group>"; };
		4AC4A23B25E8D8B90094BDEE /* ViewController.swift */ = {isa = PBXFileReference; lastKnownFileType = sourcecode.swift; path = ViewController.swift; sourceTree = "<group>"; };
		4AC4A23E25E8D8B90094BDEE /* Base */ = {isa = PBXFileReference; lastKnownFileType = file.storyboard; name = Base; path = Base.lproj/Main.storyboard; sourceTree = "<group>"; };
		4AC4A24025E8D8C00094BDEE /* Assets.xcassets */ = {isa = PBXFileReference; lastKnownFileType = folder.assetcatalog; path = Assets.xcassets; sourceTree = "<group>"; };
		4AC4A24325E8D8C00094BDEE /* Base */ = {isa = PBXFileReference; lastKnownFileType = file.storyboard; name = Base; path = Base.lproj/LaunchScreen.storyboard; sourceTree = "<group>"; };
		4AC4A24525E8D8C00094BDEE /* Info.plist */ = {isa = PBXFileReference; lastKnownFileType = text.plist.xml; path = Info.plist; sourceTree = "<group>"; };
/* End PBXFileReference section */

/* Begin PBXFrameworksBuildPhase section */
		4AC4A23125E8D8B90094BDEE /* Frameworks */ = {
			isa = PBXFrameworksBuildPhase;
			buildActionMask = 2147483647;
			files = (
			);
			runOnlyForDeploymentPostprocessing = 0;
		};
/* End PBXFrameworksBuildPhase section */

/* Begin PBXGroup section */
		4AC4A22B25E8D8B90094BDEE = {
			isa = PBXGroup;
			children = (
				4AC4A23625E8D8B90094BDEE /* hallo world */,
				4AC4A23525E8D8B90094BDEE /* Products */,
			);
			sourceTree = "<group>";
		};
		4AC4A23525E8D8B90094BDEE /* Products */ = {
			isa = PBXGroup;
			children = (
				4AC4A23425E8D8B90094BDEE /* hallo world.app */,
			);
			name = Products;
			sourceTree = "<group>";
		};
		4AC4A23625E8D8B90094BDEE /* hallo world */ = {
			isa = PBXGroup;
			children = (
				4AC4A23725E8D8B90094BDEE /* AppDelegate.swift */,
				4AC4A23925E8D8B90094BDEE /* SceneDelegate.swift */,
				4AC4A23B25E8D8B90094BDEE /* ViewController.swift */,
				4AC4A23D25E8D8B90094BDEE /* Main.storyboard */,
				4AC4A24025E8D8C00094BDEE /* Assets.xcassets */,
				4AC4A24225E8D8C00094BDEE /* LaunchScreen.storyboard */,
				4AC4A24525E8D8C00094BDEE /* Info.plist */,
			);
			path = "hallo world";
			sourceTree = "<group>";
		};
/* End PBXGroup section */

/* Begin PBXNativeTarget section */
		4AC4A23325E8D8B90094BDEE /* hallo world */ = {
			isa = PBXNativeTarget;
			buildConfigurationList = 4AC4A24825E8D8C00094BDEE /* Build configuration list for PBXNativeTarget "hallo world" */;
			buildPhases = (
				4AC4A23025E8D8B90094BDEE /* Sources */,
				4AC4A23125E8D8B90094BDEE /* Frameworks */,
				4AC4A23225E8D8B90094BDEE /* Resources */,
			);
			buildRules = (
			);
			dependencies = (
			);
			name = "hallo world";
			productName = "hallo world";
			productReference = 4AC4A23425E8D8B90094BDEE /* hallo world.app */;
			productType = "com.apple.product-type.application";
		};
/* End PBXNativeTarget section */

/* Begin PBXProject section */
		4AC4A22C25E8D8B90094BDEE /* Project object */ = {
			isa = PBXProject;
			attributes = {
				LastSwiftUpdateCheck = 1220;
				LastUpgradeCheck = 1220;
				TargetAttributes = {
					4AC4A23325E8D8B90094BDEE = {
						CreatedOnToolsVersion = 12.2;
					};
				};
			};
			buildConfigurationList = 4AC4A22F25E8D8B90094BDEE /* Build configuration list for PBXProject "hallo world" */;
			compatibilityVersion = "Xcode 9.3";
			developmentRegion = en;
			hasScannedForEncodings = 0;
			knownRegions = (
				en,
				Base,
			);
			mainGroup = 4AC4A22B25E8D8B90094BDEE;
			productRefGroup = 4AC4A23525E8D8B90094BDEE /* Products */;
			projectDirPath = "";
			projectRoot = "";
			targets = (
				4AC4A23325E8D8B90094BDEE /* hallo world */,
			);
		};
/* End PBXProject section */

/* Begin PBXResourcesBuildPhase section */
		4AC4A23225E8D8B90094BDEE /* Resources */ = {
			isa = PBXResourcesBuildPhase;
			buildActionMask = 2147483647;
			files = (
				4AC4A24425E8D8C00094BDEE /* LaunchScreen.storyboard in Resources */,
				4AC4A24125E8D8C00094BDEE /* Assets.xcassets in Resources */,
				4AC4A23F25E8D8B90094BDEE /* Main.storyboard in Resources */,
			);
			runOnlyForDeploymentPostprocessing = 0;
		};
/* End PBXResourcesBuildPhase section */

/* Begin PBXSourcesBuildPhase section */
		4AC4A23025E8D8B90094BDEE /* Sources */ = {
			isa = PBXSourcesBuildPhase;
			buildActionMask = 2147483647;
			files = (
				4AC4A23C25E8D8B90094BDEE /* ViewController.swift in Sources */,
				4AC4A23825E8D8B90094BDEE /* AppDelegate.swift in Sources */,
				4AC4A23A25E8D8B90094BDEE /* SceneDelegate.swift in Sources */,
			);
			runOnlyForDeploymentPostprocessing = 0;
		};
/* End PBXSourcesBuildPhase section */

/* Begin PBXVariantGroup section */
		4AC4A23D25E8D8B90094BDEE /* Main.storyboard */ = {
			isa = PBXVariantGroup;
			children = (
				4AC4A23E25E8D8B90094BDEE /* Base */,
			);
			name = Main.storyboard;
			sourceTree = "<group>";
		};
		4AC4A24225E8D8C00094BDEE /* LaunchScreen.storyboard */ = {
			isa = PBXVariantGroup;
			children = (
				4AC4A24325E8D8C00094BDEE /* Base */,
			);
			name = LaunchScreen.storyboard;
			sourceTree = "<group>";
		};
/* End PBXVariantGroup section */

/* Begin XCBuildConfiguration section */
		4AC4A24625E8D8C00094BDEE /* Debug */ = {
			isa = XCBuildConfiguration;
			buildSettings = {
				ALWAYS_SEARCH_USER_PATHS = NO;
				CLANG_ANALYZER_NONNULL = YES;
				CLANG_ANALYZER_NUMBER_OBJECT_CONVERSION = YES_AGGRESSIVE;
				CLANG_CXX_LANGUAGE_STANDARD = "gnu++14";
				CLANG_CXX_LIBRARY = "libc++";
				CLANG_ENABLE_MODULES = YES;
				CLANG_ENABLE_OBJC_ARC = YES;
				CLANG_ENABLE_OBJC_WEAK = YES;
				CLANG_WARN_BLOCK_CAPTURE_AUTORELEASING = YES;
				CLANG_WARN_BOOL_CONVERSION = YES;
				CLANG_WARN_COMMA = YES;
				CLANG_WARN_CONSTANT_CONVERSION = YES;
				CLANG_WARN_DEPRECATED_OBJC_IMPLEMENTATIONS = YES;
				CLANG_WARN_DIRECT_OBJC_ISA_USAGE = YES_ERROR;
				CLANG_WARN_DOCUMENTATION_COMMENTS = YES;
				CLANG_WARN_EMPTY_BODY = YES;
				CLANG_WARN_ENUM_CONVERSION = YES;
				CLANG_WARN_INFINITE_RECURSION = YES;
				CLANG_WARN_INT_CONVERSION = YES;
				CLANG_WARN_NON_LITERAL_NULL_CONVERSION = YES;
				CLANG_WARN_OBJC_IMPLICIT_RETAIN_SELF = YES;
				CLANG_WARN_OBJC_LITERAL_CONVERSION = YES;
				CLANG_WARN_OBJC_ROOT_CLASS = YES_ERROR;
				CLANG_WARN_QUOTED_INCLUDE_IN_FRAMEWORK_HEADER = YES;
				CLANG_WARN_RANGE_LOOP_ANALYSIS = YES;
				CLANG_WARN_STRICT_PROTOTYPES = YES;
				CLANG_WARN_SUSPICIOUS_MOVE = YES;
				CLANG_WARN_UNGUARDED_AVAILABILITY = YES_AGGRESSIVE;
				CLANG_WARN_UNREACHABLE_CODE = YES;
				CLANG_WARN__DUPLICATE_METHOD_MATCH = YES;
				COPY_PHASE_STRIP = NO;
				DEBUG_INFORMATION_FORMAT = dwarf;
				ENABLE_STRICT_OBJC_MSGSEND = YES;
				ENABLE_TESTABILITY = YES;
				GCC_C_LANGUAGE_STANDARD = gnu11;
				GCC_DYNAMIC_NO_PIC = NO;
				GCC_NO_COMMON_BLOCKS = YES;
				GCC_OPTIMIZATION_LEVEL = 0;
				GCC_PREPROCESSOR_DEFINITIONS = (
					"DEBUG=1",
					"$(inherited)",
				);
				GCC_WARN_64_TO_32_BIT_CONVERSION = YES;
				GCC_WARN_ABOUT_RETURN_TYPE = YES_ERROR;
				GCC_WARN_UNDECLARED_SELECTOR = YES;
				GCC_WARN_UNINITIALIZED_AUTOS = YES_AGGRESSIVE;
				GCC_WARN_UNUSED_FUNCTION = YES;
				GCC_WARN_UNUSED_VARIABLE = YES;
				IPHONEOS_DEPLOYMENT_TARGET = 14.2;
				MTL_ENABLE_DEBUG_INFO = INCLUDE_SOURCE;
				MTL_FAST_MATH = YES;
				ONLY_ACTIVE_ARCH = YES;
				SDKROOT = iphoneos;
				SWIFT_ACTIVE_COMPILATION_CONDITIONS = DEBUG;
				SWIFT_OPTIMIZATION_LEVEL = "-Onone";
			};
			name = Debug;
		};
		4AC4A24725E8D8C00094BDEE /* Release */ = {
			isa = XCBuildConfiguration;
			buildSettings = {
				ALWAYS_SEARCH_USER_PATHS = NO;
				CLANG_ANALYZER_NONNULL = YES;
				CLANG_ANALYZER_NUMBER_OBJECT_CONVERSION = YES_AGGRESSIVE;
				CLANG_CXX_LANGUAGE_STANDARD = "gnu++14";
				CLANG_CXX_LIBRARY = "libc++";
				CLANG_ENABLE_MODULES = YES;
				CLANG_ENABLE_OBJC_ARC = YES;
				CLANG_ENABLE_OBJC_WEAK = YES;
				CLANG_WARN_BLOCK_CAPTURE_AUTORELEASING = YES;
				CLANG_WARN_BOOL_CONVERSION = YES;
				CLANG_WARN_COMMA = YES;
				CLANG_WARN_CONSTANT_CONVERSION = YES;
				CLANG_WARN_DEPRECATED_OBJC_IMPLEMENTATIONS = YES;
				CLANG_WARN_DIRECT_OBJC_ISA_USAGE = YES_ERROR;
				CLANG_WARN_DOCUMENTATION_COMMENTS = YES;
				CLANG_WARN_EMPTY_BODY = YES;
				CLANG_WARN_ENUM_CONVERSION = YES;
				CLANG_WARN_INFINITE_RECURSION = YES;
				CLANG_WARN_INT_CONVERSION = YES;
				CLANG_WARN_NON_LITERAL_NULL_CONVERSION = YES;
				CLANG_WARN_OBJC_IMPLICIT_RETAIN_SELF = YES;
				CLANG_WARN_OBJC_LITERAL_CONVERSION = YES;
				CLANG_WARN_OBJC_ROOT_CLASS = YES_ERROR;
				CLANG_WARN_QUOTED_INCLUDE_IN_FRAMEWORK_HEADER = YES;
				CLANG_WARN_RANGE_LOOP_ANALYSIS = YES;
				CLANG_WARN_STRICT_PROTOTYPES = YES;
				CLANG_WARN_SUSPICIOUS_MOVE = YES;
				CLANG_WARN_UNGUARDED_AVAILABILITY = YES_AGGRESSIVE;
				CLANG_WARN_UNREACHABLE_CODE = YES;
				CLANG_WARN__DUPLICATE_METHOD_MATCH = YES;
				COPY_PHASE_STRIP = NO;
				DEBUG_INFORMATION_FORMAT = "dwarf-with-dsym";
				ENABLE_NS_ASSERTIONS = NO;
				ENABLE_STRICT_OBJC_MSGSEND = YES;
				GCC_C_LANGUAGE_STANDARD = gnu11;
				GCC_NO_COMMON_BLOCKS = YES;
				GCC_WARN_64_TO_32_BIT_CONVERSION = YES;
				GCC_WARN_ABOUT_RETURN_TYPE = YES_ERROR;
				GCC_WARN_UNDECLARED_SELECTOR = YES;
				GCC_WARN_UNINITIALIZED_AUTOS = YES_AGGRESSIVE;
				GCC_WARN_UNUSED_FUNCTION = YES;
				GCC_WARN_UNUSED_VARIABLE = YES;
				IPHONEOS_DEPLOYMENT_TARGET = 14.2;
				MTL_ENABLE_DEBUG_INFO = NO;
				MTL_FAST_MATH = YES;
				SDKROOT = iphoneos;
				SWIFT_COMPILATION_MODE = wholemodule;
				SWIFT_OPTIMIZATION_LEVEL = "-O";
				VALIDATE_PRODUCT = YES;
			};
			name = Release;
		};
		4AC4A24925E8D8C00094BDEE /* Debug */ = {
			isa = XCBuildConfiguration;
			buildSettings = {
				ASSETCATALOG_COMPILER_APPICON_NAME = AppIcon;
				ASSETCATALOG_COMPILER_GLOBAL_ACCENT_COLOR_NAME = AccentColor;
				CODE_SIGN_STYLE = Automatic;
				DEVELOPMENT_TEAM = 4BBUSC332Y;
				INFOPLIST_FILE = "hallo world/Info.plist";
				LD_RUNPATH_SEARCH_PATHS = (
					"$(inherited)",
					"@executable_path/Frameworks",
				);
				PRODUCT_BUNDLE_IDENTIFIER = "com.ZholonkoSerhii.hallo-world";
				PRODUCT_NAME = "$(TARGET_NAME)";
				SWIFT_VERSION = 5.0;
				TARGETED_DEVICE_FAMILY = "1,2";
			};
			name = Debug;
		};
		4AC4A24A25E8D8C00094BDEE /* Release */ = {
			isa = XCBuildConfiguration;
			buildSettings = {
				ASSETCATALOG_COMPILER_APPICON_NAME = AppIcon;
				ASSETCATALOG_COMPILER_GLOBAL_ACCENT_COLOR_NAME = AccentColor;
				CODE_SIGN_STYLE = Automatic;
				DEVELOPMENT_TEAM = 4BBUSC332Y;
				INFOPLIST_FILE = "hallo world/Info.plist";
				LD_RUNPATH_SEARCH_PATHS = (
					"$(inherited)",
					"@executable_path/Frameworks",
				);
				PRODUCT_BUNDLE_IDENTIFIER = "com.ZholonkoSerhii.hallo-world";
				PRODUCT_NAME = "$(TARGET_NAME)";
				SWIFT_VERSION = 5.0;
				TARGETED_DEVICE_FAMILY = "1,2";
			};
			name = Release;
		};
/* End XCBuildConfiguration section */

/* Begin XCConfigurationList section */
		4AC4A22F25E8D8B90094BDEE /* Build configuration list for PBXProject "hallo world" */ = {
			isa = XCConfigurationList;
			buildConfigurations = (
				4AC4A24625E8D8C00094BDEE /* Debug */,
				4AC4A24725E8D8C00094BDEE /* Release */,
			);
			defaultConfigurationIsVisible = 0;
			defaultConfigurationName = Release;
		};
		4AC4A24825E8D8C00094BDEE /* Build configuration list for PBXNativeTarget "hallo world" */ = {
			isa = XCConfigurationList;
			buildConfigurations = (
				4AC4A24925E8D8C00094BDEE /* Debug */,
				4AC4A24A25E8D8C00094BDEE /* Release */,
			);
			defaultConfigurationIsVisible = 0;
			defaultConfigurationName = Release;
		};
/* End XCConfigurationList section */
	};
	rootObject = 4AC4A22C25E8D8B90094BDEE /* Project object */;
}
